{
  "requires": true,
  "lockfileVersion": 1,
  "dependencies": {
    "@linnify/typeorm-factory": {
      "version": "1.0.12",
      "resolved": "https://registry.npmjs.org/@linnify/typeorm-factory/-/typeorm-factory-1.0.12.tgz",
      "integrity": "sha512-Gkf6OnatI0/KJznICM2DBTJr6mABKuQLpoYVLEMGXO/HG62V+nXRyY8smqMJsEi4NfYhSq6tOb3OCQoVgFmBtA==",
      "dev": true
    }
  }
}
